PODS:
  - Google-Mobile-Ads-SDK (7.24.0)
  - InAppSettingsKit (2.9.4)
  - mopub-ios-sdk (4.16.0):
    - mopub-ios-sdk/MoPubSDK (= 4.16.0)
  - mopub-ios-sdk/Avid (4.16.0):
    - mopub-ios-sdk/Core
  - mopub-ios-sdk/Core (4.16.0)
  - mopub-ios-sdk/Moat (4.16.0):
    - mopub-ios-sdk/Core
    - MPUBMoatMobileAppKit (= 3.2.1)
  - mopub-ios-sdk/MoPubSDK (4.16.0):
    - mopub-ios-sdk/Avid
    - mopub-ios-sdk/Core
    - mopub-ios-sdk/Moat
  - MPUBMoatMobileAppKit (3.2.1)
  - OpenSSL (1.0.210)
  - PsiphonClientCommonLibrary (0.2.21):
    - InAppSettingsKit
  - VungleSDK-iOS (5.2.0)

DEPENDENCIES:
  - Google-Mobile-Ads-SDK (= 7.24.0)
  - InAppSettingsKit (from `https://github.com/Psiphon-Inc/InAppSettingsKit.git`, commit `598c498`)
  - mopub-ios-sdk (= 4.16.0)
  - OpenSSL (= 1.0.210)
  - PsiphonClientCommonLibrary (from `https://github.com/Psiphon-Inc/psiphon-ios-client-common-library.git`, commit `e7923e8`)
  - VungleSDK-iOS (= 5.2.0)

EXTERNAL SOURCES:
  InAppSettingsKit:
    :commit: 598c498
    :git: https://github.com/Psiphon-Inc/InAppSettingsKit.git
  PsiphonClientCommonLibrary:
    :commit: e7923e8
    :git: https://github.com/Psiphon-Inc/psiphon-ios-client-common-library.git

CHECKOUT OPTIONS:
  InAppSettingsKit:
    :commit: 598c498
    :git: https://github.com/Psiphon-Inc/InAppSettingsKit.git
  PsiphonClientCommonLibrary:
    :commit: e7923e8
    :git: https://github.com/Psiphon-Inc/psiphon-ios-client-common-library.git

SPEC CHECKSUMS:
  Google-Mobile-Ads-SDK: f405b7acb098fe89e6fcd05fdbf400c1a5bcb935
  InAppSettingsKit: 567ef538698cd6cf3afb9c5529b89a8936fdacb5
  mopub-ios-sdk: d656c7b5ccecc309115ac1ea280de76c72a301f7
  MPUBMoatMobileAppKit: f93733fbb17a5387228f4e29f1cd07c934d63cab
  OpenSSL: 246ffb948e9d56466727fd318134af35f5aa764e
  PsiphonClientCommonLibrary: 756ce31df49eab1b422499117c393c456cb3fa6c
  VungleSDK-iOS: ad8fdb94efa34e026f25528ff9592af05c665095

PODFILE CHECKSUM: 47b2fd04db2f94355fa10de607c6ad3d3fec7788

COCOAPODS: 1.3.1
