PODS:
  - CustomIOSAlertView (0.9.5)
  - Google-Mobile-Ads-SDK (7.37.0)
  - InAppSettingsKit (2.9.4)
  - MBProgressHUD (1.1.0)
  - MoPub-AdMob-Adapters (7.37.0.0):
    - Google-Mobile-Ads-SDK (= 7.37.0)
    - mopub-ios-sdk (~> 5.0)
  - mopub-ios-sdk (5.4.1):
    - mopub-ios-sdk/MoPubSDK (= 5.4.1)
  - mopub-ios-sdk/Avid (5.4.1):
    - mopub-ios-sdk/Core
  - mopub-ios-sdk/Core (5.4.1)
  - mopub-ios-sdk/Moat (5.4.1):
    - mopub-ios-sdk/Core
  - mopub-ios-sdk/MoPubSDK (5.4.1):
    - mopub-ios-sdk/Avid
    - mopub-ios-sdk/Core
    - mopub-ios-sdk/Moat
  - PersonalizedAdConsent (1.0.3)
  - PromisesObjC (1.2.8)
  - PromisesSwift (1.2.8):
    - PromisesObjC (= 1.2.8)
  - PsiphonClientCommonLibrary (1.2.1):
    - InAppSettingsKit
  - ReactiveObjC (3.1.0)
  - RxSwift (5.0.0)
  - SVProgressHUD (2.2.5)
  - SwiftActors (1.1.1):
    - PromisesSwift (~> 1.2)

DEPENDENCIES:
  - CustomIOSAlertView (~> 0.9.5)
  - Google-Mobile-Ads-SDK (~> 7.37)
  - InAppSettingsKit (from `https://github.com/Psiphon-Inc/InAppSettingsKit.git`, commit `598c498`)
  - MBProgressHUD (~> 1.1.0)
  - MoPub-AdMob-Adapters (~> 7.37)
  - mopub-ios-sdk (~> 5.4)
  - PersonalizedAdConsent
  - PsiphonClientCommonLibrary (from `https://github.com/Psiphon-Inc/psiphon-ios-client-common-library.git`, commit `0fd8d41`)
  - ReactiveObjC (from `https://github.com/Psiphon-Inc/ReactiveObjC.git`, commit `8bbf9dd`)
  - RxSwift (= 5.0.0)
  - SVProgressHUD
  - SwiftActors (from `https://github.com/Psiphon-Inc/swift-actors.git`, commit `c39448e`)

SPEC REPOS:
  https://github.com/cocoapods/specs.git:
    - CustomIOSAlertView
    - Google-Mobile-Ads-SDK
    - MBProgressHUD
    - MoPub-AdMob-Adapters
    - mopub-ios-sdk
    - PersonalizedAdConsent
    - PromisesObjC
    - PromisesSwift
    - RxSwift
    - SVProgressHUD

EXTERNAL SOURCES:
  InAppSettingsKit:
    :commit: 598c498
    :git: https://github.com/Psiphon-Inc/InAppSettingsKit.git
  PsiphonClientCommonLibrary:
    :commit: 0fd8d41
    :git: https://github.com/Psiphon-Inc/psiphon-ios-client-common-library.git
  ReactiveObjC:
    :commit: 8bbf9dd
    :git: https://github.com/Psiphon-Inc/ReactiveObjC.git
  SwiftActors:
    :commit: c39448e
    :git: https://github.com/Psiphon-Inc/swift-actors.git

CHECKOUT OPTIONS:
  InAppSettingsKit:
    :commit: 598c498
    :git: https://github.com/Psiphon-Inc/InAppSettingsKit.git
  PsiphonClientCommonLibrary:
    :commit: 0fd8d41
    :git: https://github.com/Psiphon-Inc/psiphon-ios-client-common-library.git
  ReactiveObjC:
    :commit: 8bbf9dd
    :git: https://github.com/Psiphon-Inc/ReactiveObjC.git
  SwiftActors:
    :commit: c39448e
    :git: https://github.com/Psiphon-Inc/swift-actors.git

SPEC CHECKSUMS:
  CustomIOSAlertView: cc4fa8e36219be3fd5ebcd40789f5b4aaae0f38e
  Google-Mobile-Ads-SDK: d028682d7450749a1955679da050eaf70d997b3e
  InAppSettingsKit: 567ef538698cd6cf3afb9c5529b89a8936fdacb5
  MBProgressHUD: e7baa36a220447d8aeb12769bf0585582f3866d9
  MoPub-AdMob-Adapters: 73cae2c6753fffa21d591e109582effec6422990
  mopub-ios-sdk: 320de49dd0a352ac58d33104a23853e749a84a78
  PersonalizedAdConsent: b50a8a5d6065b6db23121e8fcc0dce2ae983f6ea
  PromisesObjC: c119f3cd559f50b7ae681fa59dc1acd19173b7e6
  PromisesSwift: 37bad6f4daddb02f7c9c531efe91e8b21c13ee2f
  PsiphonClientCommonLibrary: da44de9be38f5bddd404f46e4d8a1d23d7810c21
  ReactiveObjC: 2a38ea15335de4119d8b17caf1db1484f61db902
  RxSwift: 8b0671caa829a763bbce7271095859121cbd895f
  SVProgressHUD: 1428aafac632c1f86f62aa4243ec12008d7a51d6
  SwiftActors: 75f57bd66413a5a2f2bd1e0d3e8a54984d8e2c18

PODFILE CHECKSUM: 927e50b625456357a25b3228985f4021c319f4f6

COCOAPODS: 1.7.5
