PODS:
  - EFCountingLabel (5.1.1)
  - InAppSettingsKit (2.15)
  - MBProgressHUD (1.1.0)
  - PersonalizedAdConsent (1.0.5)
  - PsiphonClientCommonLibrary (2.0.3):
    - InAppSettingsKit (= 2.15)
  - ReactiveObjC (3.1.0)
  - SVProgressHUD (2.2.5)

DEPENDENCIES:
  - EFCountingLabel (~> 5.1.1)
  - InAppSettingsKit (from `https://github.com/Psiphon-Inc/InAppSettingsKit.git`, commit `8bd203c`)
  - MBProgressHUD (~> 1.1.0)
  - PersonalizedAdConsent (~> 1.0)
  - PsiphonClientCommonLibrary (from `https://github.com/Psiphon-Inc/psiphon-ios-client-common-library.git`, commit `9c72fdf`)
  - ReactiveObjC (from `https://github.com/Psiphon-Inc/ReactiveObjC.git`, commit `8bbf9dd`)
  - SVProgressHUD (~> 2.2.5)

SPEC REPOS:
  trunk:
    - EFCountingLabel
    - MBProgressHUD
    - PersonalizedAdConsent
    - SVProgressHUD

EXTERNAL SOURCES:
  InAppSettingsKit:
    :commit: 8bd203c
    :git: https://github.com/Psiphon-Inc/InAppSettingsKit.git
  PsiphonClientCommonLibrary:
    :commit: 9c72fdf
    :git: https://github.com/Psiphon-Inc/psiphon-ios-client-common-library.git
  ReactiveObjC:
    :commit: 8bbf9dd
    :git: https://github.com/Psiphon-Inc/ReactiveObjC.git

CHECKOUT OPTIONS:
  InAppSettingsKit:
    :commit: 8bd203c
    :git: https://github.com/Psiphon-Inc/InAppSettingsKit.git
  PsiphonClientCommonLibrary:
    :commit: 9c72fdf
    :git: https://github.com/Psiphon-Inc/psiphon-ios-client-common-library.git
  ReactiveObjC:
    :commit: 8bbf9dd
    :git: https://github.com/Psiphon-Inc/ReactiveObjC.git

SPEC CHECKSUMS:
  EFCountingLabel: 605358591a67a3c92feb7ec32486bfab4a30e2c9
  InAppSettingsKit: 4890a44f9df7a1742c632920f0ea939cbeb29ea2
  MBProgressHUD: e7baa36a220447d8aeb12769bf0585582f3866d9
  PersonalizedAdConsent: dbecabb3467df967c16d9cebc2ef4a8890e4bbd8
  PsiphonClientCommonLibrary: ece7c205229636540f2465c0f2a6bfd69360e76a
  ReactiveObjC: 2a38ea15335de4119d8b17caf1db1484f61db902
  SVProgressHUD: 1428aafac632c1f86f62aa4243ec12008d7a51d6

PODFILE CHECKSUM: db76a43afc6d516e715da86dfac42e1b3f8013f7

COCOAPODS: 1.8.4
