{
  "object": {
    "pins": [
      {
        "package": "Chalk",
        "repositoryURL": "https://github.com/mxcl/Chalk.git",
        "state": {
          "branch": null,
          "revision": "9aa9f348b86db3cf6702a3e43c081ecec80cf3c7",
          "version": "0.4.0"
        }
      },
      {
        "package": "swift-argument-parser",
        "repositoryURL": "https://github.com/apple/swift-argument-parser",
        "state": {
          "branch": null,
          "revision": "92646c0cdbaca076c8d3d0207891785b3379cbff",
          "version": "0.3.1"
        }
      },
      {
        "package": "SwiftParsec",
        "repositoryURL": "https://github.com/davedufresne/SwiftParsec.git",
        "state": {
          "branch": null,
          "revision": "00ae75a5e9e0fc790056a8b8ebdf2a1833e7117a",
          "version": "4.0.1"
        }
      }
    ]
  },
  "version": 1
}
