// !$*UTF8*$!
{
	archiveVersion = 1;
	classes = {
	};
	objectVersion = 46;
	objects = {

/* Begin PBXBuildFile section */
		19059EA31F50923400C04739 /* libFMDB.a in Frameworks */ = {isa = PBXBuildFile; fileRef = 19059EA21F50923400C04739 /* libFMDB.a */; };
		4E0DCB1A1F28481E00495781 /* PsiphonDataSharedDB.m in Sources */ = {isa = PBXBuildFile; fileRef = 4E0DCB191F28481E00495781 /* PsiphonDataSharedDB.m */; };
		4E0DCB1E1F2855FC00495781 /* PsiphonDataSharedDB.m in Sources */ = {isa = PBXBuildFile; fileRef = 4E0DCB191F28481E00495781 /* PsiphonDataSharedDB.m */; };
		4E0DCB1F1F2857D200495781 /* PsiphonData.m in Sources */ = {isa = PBXBuildFile; fileRef = 4ED1BFD11F1D2C21001D6F2A /* PsiphonData.m */; };
		4ED1BFD81F1D3292001D6F2A /* PsiphonData.m in Sources */ = {isa = PBXBuildFile; fileRef = 4ED1BFD11F1D2C21001D6F2A /* PsiphonData.m */; };
		4ED1BFD91F1D3292001D6F2A /* LogViewController.m in Sources */ = {isa = PBXBuildFile; fileRef = 4ED1BFD51F1D2EE1001D6F2A /* LogViewController.m */; };
		66094F7A1E8067520069EC4E /* PsiphonTunnel.framework in Frameworks */ = {isa = PBXBuildFile; fileRef = 66094F781E8067520069EC4E /* PsiphonTunnel.framework */; };
		660EAE4E1E994F4100244C9E /* PsiphonTunnel.framework in CopyFiles */ = {isa = PBXBuildFile; fileRef = 66094F781E8067520069EC4E /* PsiphonTunnel.framework */; settings = {ATTRIBUTES = (CodeSignOnCopy, RemoveHeadersOnCopy, ); }; };
		668AF9BF1E92CBD3008CAAAA /* NetworkExtension.framework in Frameworks */ = {isa = PBXBuildFile; fileRef = 668AF9BE1E92CBD3008CAAAA /* NetworkExtension.framework */; };
		668AF9C01E92CBE0008CAAAA /* NetworkExtension.framework in Frameworks */ = {isa = PBXBuildFile; fileRef = 668AF9BE1E92CBD3008CAAAA /* NetworkExtension.framework */; };
		6EFFCABC727E889CCD1BF200 /* libPods-Psiphon.a in Frameworks */ = {isa = PBXBuildFile; fileRef = E4850095AA8BA13C0BCC7659 /* libPods-Psiphon.a */; };
		9BFEC23DBD7EFDD326FF6C14 /* psiphon_config.stub in Resources */ = {isa = PBXBuildFile; fileRef = 9BFEC4205423A6F55DA7DAB0 /* psiphon_config.stub */; };
		9BFEC3CD51F31841B4F8CD2B /* psiphon_config in Resources */ = {isa = PBXBuildFile; fileRef = 9BFECFCFB0546F18A7E57ADF /* psiphon_config */; };
		9BFEC4F02A47FF8265635803 /* Notifier.m in Sources */ = {isa = PBXBuildFile; fileRef = 9BFEC91ED4A1C511520E9948 /* Notifier.m */; };
		9BFECD1880B51B0E2EAEFF1F /* Notifier.m in Sources */ = {isa = PBXBuildFile; fileRef = 9BFEC91ED4A1C511520E9948 /* Notifier.m */; };
		9BFECED023FC902444EB74C4 /* embedded_server_entries in Resources */ = {isa = PBXBuildFile; fileRef = 9BFEC1C6E19CD9DF09AB5F51 /* embedded_server_entries */; };
		9BFECF8895D5FE1940A6F700 /* PsiphonConfigUserDefaults.m in Sources */ = {isa = PBXBuildFile; fileRef = 9BFEC584519C408D9D6D3FF1 /* PsiphonConfigUserDefaults.m */; };
		9BFECFEB3BC9F10542C1A416 /* PsiphonConfigUserDefaults.m in Sources */ = {isa = PBXBuildFile; fileRef = 9BFEC584519C408D9D6D3FF1 /* PsiphonConfigUserDefaults.m */; };
		CC6525A3D585B3CA3A140685 /* libPods-PsiphonVPN.a in Frameworks */ = {isa = PBXBuildFile; fileRef = BB90F058719288143A73D034 /* libPods-PsiphonVPN.a */; };
		CE26FC951BBDC7B800B83375 /* Assets.xcassets in Resources */ = {isa = PBXBuildFile; fileRef = CE26FC941BBDC7B800B83375 /* Assets.xcassets */; };
		CE26FC981BBDC7B800B83375 /* LaunchScreen.storyboard in Resources */ = {isa = PBXBuildFile; fileRef = CE26FC961BBDC7B800B83375 /* LaunchScreen.storyboard */; };
		CE26FCAC1BBDC85900B83375 /* PsiphonVPN.appex in Embed App Extensions */ = {isa = PBXBuildFile; fileRef = CE26FCA31BBDC85900B83375 /* PsiphonVPN.appex */; settings = {ATTRIBUTES = (RemoveHeadersOnCopy, ); }; };
		CE4E9BC01BBEECF30060FF8B /* Psiphon.entitlements in Resources */ = {isa = PBXBuildFile; fileRef = CE4E9BBF1BBEECF30060FF8B /* Psiphon.entitlements */; };
		CE4E9BC21BBEECFC0060FF8B /* PsiphonVPN.entitlements in Resources */ = {isa = PBXBuildFile; fileRef = CE4E9BC11BBEECFC0060FF8B /* PsiphonVPN.entitlements */; };
		EF652CD11F352212002AFB48 /* main.m in Sources */ = {isa = PBXBuildFile; fileRef = EF652CD01F352212002AFB48 /* main.m */; };
		EF652CD61F35224C002AFB48 /* AppDelegate.m in Sources */ = {isa = PBXBuildFile; fileRef = EF652CD31F35224C002AFB48 /* AppDelegate.m */; };
		EF652CD71F35224C002AFB48 /* ViewController.m in Sources */ = {isa = PBXBuildFile; fileRef = EF652CD51F35224C002AFB48 /* ViewController.m */; };
		EF652CDA1F352271002AFB48 /* PacketTunnelProvider.m in Sources */ = {isa = PBXBuildFile; fileRef = EF652CD91F352271002AFB48 /* PacketTunnelProvider.m */; };
/* End PBXBuildFile section */

/* Begin PBXContainerItemProxy section */
		CE26FCAA1BBDC85900B83375 /* PBXContainerItemProxy */ = {
			isa = PBXContainerItemProxy;
			containerPortal = CE26FC821BBDC7B700B83375 /* Project object */;
			proxyType = 1;
			remoteGlobalIDString = CE26FCA21BBDC85900B83375;
			remoteInfo = PsiphonVPN;
		};
/* End PBXContainerItemProxy section */

/* Begin PBXCopyFilesBuildPhase section */
		660EAE4D1E994F3200244C9E /* CopyFiles */ = {
			isa = PBXCopyFilesBuildPhase;
			buildActionMask = 2147483647;
			dstPath = "";
			dstSubfolderSpec = 10;
			files = (
				660EAE4E1E994F4100244C9E /* PsiphonTunnel.framework in CopyFiles */,
			);
			runOnlyForDeploymentPostprocessing = 0;
		};
		CE26FCB01BBDC85900B83375 /* Embed App Extensions */ = {
			isa = PBXCopyFilesBuildPhase;
			buildActionMask = 2147483647;
			dstPath = "";
			dstSubfolderSpec = 13;
			files = (
				CE26FCAC1BBDC85900B83375 /* PsiphonVPN.appex in Embed App Extensions */,
			);
			name = "Embed App Extensions";
			runOnlyForDeploymentPostprocessing = 0;
		};
/* End PBXCopyFilesBuildPhase section */

/* Begin PBXFileReference section */
		19059EA21F50923400C04739 /* libFMDB.a */ = {isa = PBXFileReference; lastKnownFileType = archive.ar; name = libFMDB.a; path = "Pods/../build/Debug-iphoneos/FMDB/libFMDB.a"; sourceTree = "<group>"; };
		1D95366D2BFC2B446F06D783 /* Pods-Psiphon.debug.xcconfig */ = {isa = PBXFileReference; includeInIndex = 1; lastKnownFileType = text.xcconfig; name = "Pods-Psiphon.debug.xcconfig"; path = "Pods/Target Support Files/Pods-Psiphon/Pods-Psiphon.debug.xcconfig"; sourceTree = "<group>"; };
		4E0DCB181F28481E00495781 /* PsiphonDataSharedDB.h */ = {isa = PBXFileReference; lastKnownFileType = sourcecode.c.h; path = PsiphonDataSharedDB.h; sourceTree = "<group>"; };
		4E0DCB191F28481E00495781 /* PsiphonDataSharedDB.m */ = {isa = PBXFileReference; lastKnownFileType = sourcecode.c.objc; path = PsiphonDataSharedDB.m; sourceTree = "<group>"; };
		4ED1BFD11F1D2C21001D6F2A /* PsiphonData.m */ = {isa = PBXFileReference; lastKnownFileType = sourcecode.c.objc; path = PsiphonData.m; sourceTree = "<group>"; };
		4ED1BFD21F1D2C21001D6F2A /* PsiphonData.h */ = {isa = PBXFileReference; lastKnownFileType = sourcecode.c.h; path = PsiphonData.h; sourceTree = "<group>"; };
		4ED1BFD51F1D2EE1001D6F2A /* LogViewController.m */ = {isa = PBXFileReference; lastKnownFileType = sourcecode.c.objc; path = LogViewController.m; sourceTree = "<group>"; };
		4ED1BFD61F1D2EE1001D6F2A /* LogViewController.h */ = {isa = PBXFileReference; lastKnownFileType = sourcecode.c.h; path = LogViewController.h; sourceTree = "<group>"; };
		50622D8B7002EA8ED09C076A /* Pods-Psiphon.release.xcconfig */ = {isa = PBXFileReference; includeInIndex = 1; lastKnownFileType = text.xcconfig; name = "Pods-Psiphon.release.xcconfig"; path = "Pods/Target Support Files/Pods-Psiphon/Pods-Psiphon.release.xcconfig"; sourceTree = "<group>"; };
		66094F781E8067520069EC4E /* PsiphonTunnel.framework */ = {isa = PBXFileReference; lastKnownFileType = wrapper.framework; path = PsiphonTunnel.framework; sourceTree = "<group>"; };
		668AF9BE1E92CBD3008CAAAA /* NetworkExtension.framework */ = {isa = PBXFileReference; lastKnownFileType = wrapper.framework; name = NetworkExtension.framework; path = System/Library/Frameworks/NetworkExtension.framework; sourceTree = SDKROOT; };
		9BFEC0419AD3808370915E01 /* PsiphonConfigUserDefaults.h */ = {isa = PBXFileReference; fileEncoding = 4; lastKnownFileType = sourcecode.c.h; path = PsiphonConfigUserDefaults.h; sourceTree = "<group>"; };
		9BFEC1C6E19CD9DF09AB5F51 /* embedded_server_entries */ = {isa = PBXFileReference; fileEncoding = 4; lastKnownFileType = text; path = embedded_server_entries; sourceTree = "<group>"; };
		9BFEC3165745A5D14C8C3C08 /* Notifier.h */ = {isa = PBXFileReference; fileEncoding = 4; lastKnownFileType = sourcecode.c.h; path = Notifier.h; sourceTree = "<group>"; };
		9BFEC4205423A6F55DA7DAB0 /* psiphon_config.stub */ = {isa = PBXFileReference; lastKnownFileType = file.stub; path = psiphon_config.stub; sourceTree = "<group>"; };
		9BFEC584519C408D9D6D3FF1 /* PsiphonConfigUserDefaults.m */ = {isa = PBXFileReference; fileEncoding = 4; lastKnownFileType = sourcecode.c.objc; path = PsiphonConfigUserDefaults.m; sourceTree = "<group>"; };
		9BFEC91ED4A1C511520E9948 /* Notifier.m */ = {isa = PBXFileReference; fileEncoding = 4; lastKnownFileType = sourcecode.c.objc; path = Notifier.m; sourceTree = "<group>"; };
		9BFECFCFB0546F18A7E57ADF /* psiphon_config */ = {isa = PBXFileReference; fileEncoding = 4; lastKnownFileType = text; path = psiphon_config; sourceTree = "<group>"; };
		B791899EB4BA7F290D89DE8D /* Pods-PsiphonVPN.debug.xcconfig */ = {isa = PBXFileReference; includeInIndex = 1; lastKnownFileType = text.xcconfig; name = "Pods-PsiphonVPN.debug.xcconfig"; path = "Pods/Target Support Files/Pods-PsiphonVPN/Pods-PsiphonVPN.debug.xcconfig"; sourceTree = "<group>"; };
		BB90F058719288143A73D034 /* libPods-PsiphonVPN.a */ = {isa = PBXFileReference; explicitFileType = archive.ar; includeInIndex = 0; path = "libPods-PsiphonVPN.a"; sourceTree = BUILT_PRODUCTS_DIR; };
		CE26FC8A1BBDC7B800B83375 /* Psiphon.app */ = {isa = PBXFileReference; explicitFileType = wrapper.application; includeInIndex = 0; path = Psiphon.app; sourceTree = BUILT_PRODUCTS_DIR; };
		CE26FC941BBDC7B800B83375 /* Assets.xcassets */ = {isa = PBXFileReference; lastKnownFileType = folder.assetcatalog; path = Assets.xcassets; sourceTree = "<group>"; };
		CE26FC971BBDC7B800B83375 /* Base */ = {isa = PBXFileReference; lastKnownFileType = file.storyboard; name = Base; path = Base.lproj/LaunchScreen.storyboard; sourceTree = "<group>"; };
		CE26FC991BBDC7B800B83375 /* Info.plist */ = {isa = PBXFileReference; lastKnownFileType = text.plist.xml; path = Info.plist; sourceTree = "<group>"; };
		CE26FCA31BBDC85900B83375 /* PsiphonVPN.appex */ = {isa = PBXFileReference; explicitFileType = "wrapper.app-extension"; includeInIndex = 0; path = PsiphonVPN.appex; sourceTree = BUILT_PRODUCTS_DIR; };
		CE26FCA91BBDC85900B83375 /* Info.plist */ = {isa = PBXFileReference; lastKnownFileType = text.plist.xml; path = Info.plist; sourceTree = "<group>"; };
		CE4E9BBF1BBEECF30060FF8B /* Psiphon.entitlements */ = {isa = PBXFileReference; fileEncoding = 1; lastKnownFileType = text.xml; path = Psiphon.entitlements; sourceTree = "<group>"; };
		CE4E9BC11BBEECFC0060FF8B /* PsiphonVPN.entitlements */ = {isa = PBXFileReference; fileEncoding = 1; lastKnownFileType = text.xml; path = PsiphonVPN.entitlements; sourceTree = "<group>"; };
		E4850095AA8BA13C0BCC7659 /* libPods-Psiphon.a */ = {isa = PBXFileReference; explicitFileType = archive.ar; includeInIndex = 0; path = "libPods-Psiphon.a"; sourceTree = BUILT_PRODUCTS_DIR; };
		EF652CD01F352212002AFB48 /* main.m */ = {isa = PBXFileReference; fileEncoding = 4; lastKnownFileType = sourcecode.c.objc; path = main.m; sourceTree = "<group>"; };
		EF652CD21F35224C002AFB48 /* AppDelegate.h */ = {isa = PBXFileReference; fileEncoding = 4; lastKnownFileType = sourcecode.c.h; path = AppDelegate.h; sourceTree = "<group>"; };
		EF652CD31F35224C002AFB48 /* AppDelegate.m */ = {isa = PBXFileReference; fileEncoding = 4; lastKnownFileType = sourcecode.c.objc; path = AppDelegate.m; sourceTree = "<group>"; };
		EF652CD41F35224C002AFB48 /* ViewController.h */ = {isa = PBXFileReference; fileEncoding = 4; lastKnownFileType = sourcecode.c.h; path = ViewController.h; sourceTree = "<group>"; };
		EF652CD51F35224C002AFB48 /* ViewController.m */ = {isa = PBXFileReference; fileEncoding = 4; lastKnownFileType = sourcecode.c.objc; path = ViewController.m; sourceTree = "<group>"; };
		EF652CD81F352271002AFB48 /* PacketTunnelProvider.h */ = {isa = PBXFileReference; fileEncoding = 4; lastKnownFileType = sourcecode.c.h; path = PacketTunnelProvider.h; sourceTree = "<group>"; };
		EF652CD91F352271002AFB48 /* PacketTunnelProvider.m */ = {isa = PBXFileReference; fileEncoding = 4; lastKnownFileType = sourcecode.c.objc; path = PacketTunnelProvider.m; sourceTree = "<group>"; };
		EF652CDB1F365B8C002AFB48 /* SharedConstants.h */ = {isa = PBXFileReference; fileEncoding = 4; lastKnownFileType = sourcecode.c.h; path = SharedConstants.h; sourceTree = "<group>"; };
		FC740CF0EC6D727A949699FF /* Pods-PsiphonVPN.release.xcconfig */ = {isa = PBXFileReference; includeInIndex = 1; lastKnownFileType = text.xcconfig; name = "Pods-PsiphonVPN.release.xcconfig"; path = "Pods/Target Support Files/Pods-PsiphonVPN/Pods-PsiphonVPN.release.xcconfig"; sourceTree = "<group>"; };
/* End PBXFileReference section */

/* Begin PBXFrameworksBuildPhase section */
		CE26FC871BBDC7B800B83375 /* Frameworks */ = {
			isa = PBXFrameworksBuildPhase;
			buildActionMask = 2147483647;
			files = (
				19059EA31F50923400C04739 /* libFMDB.a in Frameworks */,
				668AF9C01E92CBE0008CAAAA /* NetworkExtension.framework in Frameworks */,
				6EFFCABC727E889CCD1BF200 /* libPods-Psiphon.a in Frameworks */,
			);
			runOnlyForDeploymentPostprocessing = 0;
		};
		CE26FCA01BBDC85900B83375 /* Frameworks */ = {
			isa = PBXFrameworksBuildPhase;
			buildActionMask = 2147483647;
			files = (
				668AF9BF1E92CBD3008CAAAA /* NetworkExtension.framework in Frameworks */,
				66094F7A1E8067520069EC4E /* PsiphonTunnel.framework in Frameworks */,
				CC6525A3D585B3CA3A140685 /* libPods-PsiphonVPN.a in Frameworks */,
			);
			runOnlyForDeploymentPostprocessing = 0;
		};
/* End PBXFrameworksBuildPhase section */

/* Begin PBXGroup section */
		4E0DCB101F28458100495781 /* Shared */ = {
			isa = PBXGroup;
			children = (
				4E0DCB181F28481E00495781 /* PsiphonDataSharedDB.h */,
				4E0DCB191F28481E00495781 /* PsiphonDataSharedDB.m */,
				EF652CDB1F365B8C002AFB48 /* SharedConstants.h */,
				9BFEC91ED4A1C511520E9948 /* Notifier.m */,
				9BFEC3165745A5D14C8C3C08 /* Notifier.h */,
				9BFEC584519C408D9D6D3FF1 /* PsiphonConfigUserDefaults.m */,
				9BFEC0419AD3808370915E01 /* PsiphonConfigUserDefaults.h */,
			);
			path = Shared;
			sourceTree = "<group>";
		};
		668AF9B81E92CB60008CAAAA /* Frameworks */ = {
			isa = PBXGroup;
			children = (
				19059EA21F50923400C04739 /* libFMDB.a */,
				668AF9BE1E92CBD3008CAAAA /* NetworkExtension.framework */,
				E4850095AA8BA13C0BCC7659 /* libPods-Psiphon.a */,
				BB90F058719288143A73D034 /* libPods-PsiphonVPN.a */,
			);
			name = Frameworks;
			sourceTree = "<group>";
		};
		8CF708D5BF7BE9AD824411C6 /* Pods */ = {
			isa = PBXGroup;
			children = (
				1D95366D2BFC2B446F06D783 /* Pods-Psiphon.debug.xcconfig */,
				50622D8B7002EA8ED09C076A /* Pods-Psiphon.release.xcconfig */,
				B791899EB4BA7F290D89DE8D /* Pods-PsiphonVPN.debug.xcconfig */,
				FC740CF0EC6D727A949699FF /* Pods-PsiphonVPN.release.xcconfig */,
			);
			name = Pods;
			sourceTree = "<group>";
		};
		CE26FC811BBDC7B700B83375 = {
			isa = PBXGroup;
			children = (
				66094F781E8067520069EC4E /* PsiphonTunnel.framework */,
				4E0DCB101F28458100495781 /* Shared */,
				CE26FC8C1BBDC7B800B83375 /* Psiphon */,
				CE26FCA41BBDC85900B83375 /* PsiphonVPN */,
				CE26FC8B1BBDC7B800B83375 /* Products */,
				668AF9B81E92CB60008CAAAA /* Frameworks */,
				8CF708D5BF7BE9AD824411C6 /* Pods */,
			);
			sourceTree = "<group>";
		};
		CE26FC8B1BBDC7B800B83375 /* Products */ = {
			isa = PBXGroup;
			children = (
				CE26FC8A1BBDC7B800B83375 /* Psiphon.app */,
				CE26FCA31BBDC85900B83375 /* PsiphonVPN.appex */,
			);
			name = Products;
			sourceTree = "<group>";
		};
		CE26FC8C1BBDC7B800B83375 /* Psiphon */ = {
			isa = PBXGroup;
			children = (
				EF652CCF1F3521F8002AFB48 /* Supporting Files */,
				CE4E9BBF1BBEECF30060FF8B /* Psiphon.entitlements */,
				4ED1BFD21F1D2C21001D6F2A /* PsiphonData.h */,
				4ED1BFD11F1D2C21001D6F2A /* PsiphonData.m */,
				4ED1BFD61F1D2EE1001D6F2A /* LogViewController.h */,
				4ED1BFD51F1D2EE1001D6F2A /* LogViewController.m */,
				CE26FC941BBDC7B800B83375 /* Assets.xcassets */,
				CE26FC961BBDC7B800B83375 /* LaunchScreen.storyboard */,
				CE26FC991BBDC7B800B83375 /* Info.plist */,
				EF652CD21F35224C002AFB48 /* AppDelegate.h */,
				EF652CD31F35224C002AFB48 /* AppDelegate.m */,
				EF652CD41F35224C002AFB48 /* ViewController.h */,
				EF652CD51F35224C002AFB48 /* ViewController.m */,
			);
			path = Psiphon;
			sourceTree = "<group>";
		};
		CE26FCA41BBDC85900B83375 /* PsiphonVPN */ = {
			isa = PBXGroup;
			children = (
				CE4E9BC11BBEECFC0060FF8B /* PsiphonVPN.entitlements */,
				CE26FCA91BBDC85900B83375 /* Info.plist */,
				EF652CD81F352271002AFB48 /* PacketTunnelProvider.h */,
				EF652CD91F352271002AFB48 /* PacketTunnelProvider.m */,
				9BFEC4205423A6F55DA7DAB0 /* psiphon_config.stub */,
				9BFECFCFB0546F18A7E57ADF /* psiphon_config */,
				9BFEC1C6E19CD9DF09AB5F51 /* embedded_server_entries */,
			);
			path = PsiphonVPN;
			sourceTree = "<group>";
		};
		EF652CCF1F3521F8002AFB48 /* Supporting Files */ = {
			isa = PBXGroup;
			children = (
				EF652CD01F352212002AFB48 /* main.m */,
			);
			name = "Supporting Files";
			sourceTree = "<group>";
		};
/* End PBXGroup section */

/* Begin PBXNativeTarget section */
		CE26FC891BBDC7B800B83375 /* Psiphon */ = {
			isa = PBXNativeTarget;
			buildConfigurationList = CE26FC9C1BBDC7B800B83375 /* Build configuration list for PBXNativeTarget "Psiphon" */;
			buildPhases = (
				02E4C0BB6DB03DE318D8CF0D /* [CP] Check Pods Manifest.lock */,
				CE26FC861BBDC7B800B83375 /* Sources */,
				CE26FC871BBDC7B800B83375 /* Frameworks */,
				CE26FC881BBDC7B800B83375 /* Resources */,
				CE26FCB01BBDC85900B83375 /* Embed App Extensions */,
				49CC29B3D75B76555F0E71E8 /* [CP] Embed Pods Frameworks */,
				2D83B985A561818BCED0B126 /* [CP] Copy Pods Resources */,
			);
			buildRules = (
			);
			dependencies = (
				CE26FCAB1BBDC85900B83375 /* PBXTargetDependency */,
			);
			name = Psiphon;
			productName = Psiphon;
			productReference = CE26FC8A1BBDC7B800B83375 /* Psiphon.app */;
			productType = "com.apple.product-type.application";
		};
		CE26FCA21BBDC85900B83375 /* PsiphonVPN */ = {
			isa = PBXNativeTarget;
			buildConfigurationList = CE26FCAD1BBDC85900B83375 /* Build configuration list for PBXNativeTarget "PsiphonVPN" */;
			buildPhases = (
				11632DE86514261E2256FFD2 /* [CP] Check Pods Manifest.lock */,
				CE26FC9F1BBDC85900B83375 /* Sources */,
				CE26FCA01BBDC85900B83375 /* Frameworks */,
				CE26FCA11BBDC85900B83375 /* Resources */,
				660EAE4D1E994F3200244C9E /* CopyFiles */,
				660EAE4F1E994F5300244C9E /* ShellScript */,
				97C816C97C17CC0C78E8F2F3 /* [CP] Copy Pods Resources */,
			);
			buildRules = (
			);
			dependencies = (
			);
			name = PsiphonVPN;
			productName = PsiphonVPN;
			productReference = CE26FCA31BBDC85900B83375 /* PsiphonVPN.appex */;
			productType = "com.apple.product-type.app-extension";
		};
/* End PBXNativeTarget section */

/* Begin PBXProject section */
		CE26FC821BBDC7B700B83375 /* Project object */ = {
			isa = PBXProject;
			attributes = {
				LastUpgradeCheck = 0820;
				ORGANIZATIONNAME = "Psiphon Inc.";
				TargetAttributes = {
					CE26FC891BBDC7B800B83375 = {
						CreatedOnToolsVersion = 7.0;
						DevelopmentTeam = Q6HLNEX92A;
						LastSwiftMigration = 0820;
						ProvisioningStyle = Automatic;
						SystemCapabilities = {
							com.apple.ApplicationGroups.iOS = {
								enabled = 1;
							};
							com.apple.Keychain = {
								enabled = 0;
							};
							com.apple.VPNLite = {
								enabled = 1;
							};
						};
					};
					CE26FCA21BBDC85900B83375 = {
						CreatedOnToolsVersion = 7.0;
						DevelopmentTeam = Q6HLNEX92A;
						LastSwiftMigration = 0820;
						ProvisioningStyle = Automatic;
						SystemCapabilities = {
							com.apple.ApplicationGroups.iOS = {
								enabled = 1;
							};
							com.apple.VPNLite = {
								enabled = 1;
							};
						};
					};
				};
			};
			buildConfigurationList = CE26FC851BBDC7B700B83375 /* Build configuration list for PBXProject "Psiphon" */;
			compatibilityVersion = "Xcode 3.2";
			developmentRegion = English;
			hasScannedForEncodings = 0;
			knownRegions = (
				en,
				Base,
			);
			mainGroup = CE26FC811BBDC7B700B83375;
			productRefGroup = CE26FC8B1BBDC7B800B83375 /* Products */;
			projectDirPath = "";
			projectRoot = "";
			targets = (
				CE26FC891BBDC7B800B83375 /* Psiphon */,
				CE26FCA21BBDC85900B83375 /* PsiphonVPN */,
			);
		};
/* End PBXProject section */

/* Begin PBXResourcesBuildPhase section */
		CE26FC881BBDC7B800B83375 /* Resources */ = {
			isa = PBXResourcesBuildPhase;
			buildActionMask = 2147483647;
			files = (
				CE26FC981BBDC7B800B83375 /* LaunchScreen.storyboard in Resources */,
				CE26FC951BBDC7B800B83375 /* Assets.xcassets in Resources */,
				CE4E9BC01BBEECF30060FF8B /* Psiphon.entitlements in Resources */,
			);
			runOnlyForDeploymentPostprocessing = 0;
		};
		CE26FCA11BBDC85900B83375 /* Resources */ = {
			isa = PBXResourcesBuildPhase;
			buildActionMask = 2147483647;
			files = (
				CE4E9BC21BBEECFC0060FF8B /* PsiphonVPN.entitlements in Resources */,
				9BFEC23DBD7EFDD326FF6C14 /* psiphon_config.stub in Resources */,
				9BFEC3CD51F31841B4F8CD2B /* psiphon_config in Resources */,
				9BFECED023FC902444EB74C4 /* embedded_server_entries in Resources */,
			);
			runOnlyForDeploymentPostprocessing = 0;
		};
/* End PBXResourcesBuildPhase section */

/* Begin PBXShellScriptBuildPhase section */
		02E4C0BB6DB03DE318D8CF0D /* [CP] Check Pods Manifest.lock */ = {
			isa = PBXShellScriptBuildPhase;
			buildActionMask = 2147483647;
			files = (
			);
			inputPaths = (
				"${PODS_PODFILE_DIR_PATH}/Podfile.lock",
				"${PODS_ROOT}/Manifest.lock",
			);
			name = "[CP] Check Pods Manifest.lock";
			outputPaths = (
				"$(DERIVED_FILE_DIR)/Pods-Psiphon-checkManifestLockResult.txt",
			);
			runOnlyForDeploymentPostprocessing = 0;
			shellPath = /bin/sh;
			shellScript = "diff \"${PODS_PODFILE_DIR_PATH}/Podfile.lock\" \"${PODS_ROOT}/Manifest.lock\" > /dev/null\nif [ $? != 0 ] ; then\n    # print error to STDERR\n    echo \"error: The sandbox is not in sync with the Podfile.lock. Run 'pod install' or update your CocoaPods installation.\" >&2\n    exit 1\nfi\n# This output is used by Xcode 'outputs' to avoid re-running this script phase.\necho \"SUCCESS\" > \"${SCRIPT_OUTPUT_FILE_0}\"\n";
			showEnvVarsInLog = 0;
		};
		11632DE86514261E2256FFD2 /* [CP] Check Pods Manifest.lock */ = {
			isa = PBXShellScriptBuildPhase;
			buildActionMask = 2147483647;
			files = (
			);
			inputPaths = (
				"${PODS_PODFILE_DIR_PATH}/Podfile.lock",
				"${PODS_ROOT}/Manifest.lock",
			);
			name = "[CP] Check Pods Manifest.lock";
			outputPaths = (
				"$(DERIVED_FILE_DIR)/Pods-PsiphonVPN-checkManifestLockResult.txt",
			);
			runOnlyForDeploymentPostprocessing = 0;
			shellPath = /bin/sh;
			shellScript = "diff \"${PODS_PODFILE_DIR_PATH}/Podfile.lock\" \"${PODS_ROOT}/Manifest.lock\" > /dev/null\nif [ $? != 0 ] ; then\n    # print error to STDERR\n    echo \"error: The sandbox is not in sync with the Podfile.lock. Run 'pod install' or update your CocoaPods installation.\" >&2\n    exit 1\nfi\n# This output is used by Xcode 'outputs' to avoid re-running this script phase.\necho \"SUCCESS\" > \"${SCRIPT_OUTPUT_FILE_0}\"\n";
			showEnvVarsInLog = 0;
		};
		2D83B985A561818BCED0B126 /* [CP] Copy Pods Resources */ = {
			isa = PBXShellScriptBuildPhase;
			buildActionMask = 2147483647;
			files = (
			);
			inputPaths = (
				"${SRCROOT}/Pods/Target Support Files/Pods-Psiphon/Pods-Psiphon-resources.sh",
				"${PODS_ROOT}/mopub-ios-sdk/MoPubSDK/Internal/Common/MPAdBrowserController.xib",
				"${PODS_ROOT}/mopub-ios-sdk/MoPubSDK/Resources/MPCloseBtn.png",
				"${PODS_ROOT}/mopub-ios-sdk/MoPubSDK/Resources/MPCloseBtn@2x.png",
				"${PODS_ROOT}/mopub-ios-sdk/MoPubSDK/Resources/MPCloseBtn@3x.png",
				"${PODS_ROOT}/mopub-ios-sdk/MoPubSDK/Resources/MPCloseButtonX.png",
				"${PODS_ROOT}/mopub-ios-sdk/MoPubSDK/Resources/MPCloseButtonX@2x.png",
				"${PODS_ROOT}/mopub-ios-sdk/MoPubSDK/Resources/MPCloseButtonX@3x.png",
				"${PODS_ROOT}/mopub-ios-sdk/MoPubSDK/Resources/MPCountdownTimer.html",
				"${PODS_ROOT}/mopub-ios-sdk/MoPubSDK/Resources/MPDAAIcon.png",
				"${PODS_ROOT}/mopub-ios-sdk/MoPubSDK/Resources/MPDAAIcon@2x.png",
				"${PODS_ROOT}/mopub-ios-sdk/MoPubSDK/Resources/MPDAAIcon@3x.png",
				"${PODS_ROOT}/mopub-ios-sdk/MoPubSDK/Resources/MPMutedBtn.png",
				"${PODS_ROOT}/mopub-ios-sdk/MoPubSDK/Resources/MPMutedBtn@2x.png",
				"${PODS_ROOT}/mopub-ios-sdk/MoPubSDK/Resources/MPMutedBtn@3x.png",
				"${PODS_ROOT}/mopub-ios-sdk/MoPubSDK/Resources/MPPlayBtn.png",
				"${PODS_ROOT}/mopub-ios-sdk/MoPubSDK/Resources/MPPlayBtn@2x.png",
				"${PODS_ROOT}/mopub-ios-sdk/MoPubSDK/Resources/MPPlayBtn@3x.png",
				"${PODS_ROOT}/mopub-ios-sdk/MoPubSDK/Resources/MPUnmutedBtn.png",
				"${PODS_ROOT}/mopub-ios-sdk/MoPubSDK/Resources/MPUnmutedBtn@2x.png",
				"${PODS_ROOT}/mopub-ios-sdk/MoPubSDK/Resources/MPUnmutedBtn@3x.png",
				"${PODS_ROOT}/mopub-ios-sdk/MoPubSDK/Resources/MRAID.bundle",
			);
			name = "[CP] Copy Pods Resources";
			outputPaths = (
				"${TARGET_BUILD_DIR}/${UNLOCALIZED_RESOURCES_FOLDER_PATH}",
			);
			runOnlyForDeploymentPostprocessing = 0;
			shellPath = /bin/sh;
			shellScript = "\"${SRCROOT}/Pods/Target Support Files/Pods-Psiphon/Pods-Psiphon-resources.sh\"\n";
			showEnvVarsInLog = 0;
		};
		49CC29B3D75B76555F0E71E8 /* [CP] Embed Pods Frameworks */ = {
			isa = PBXShellScriptBuildPhase;
			buildActionMask = 2147483647;
			files = (
			);
			inputPaths = (
			);
			name = "[CP] Embed Pods Frameworks";
			outputPaths = (
			);
			runOnlyForDeploymentPostprocessing = 0;
			shellPath = /bin/sh;
			shellScript = "\"${SRCROOT}/Pods/Target Support Files/Pods-Psiphon/Pods-Psiphon-frameworks.sh\"\n";
			showEnvVarsInLog = 0;
		};
		660EAE4F1E994F5300244C9E /* ShellScript */ = {
			isa = PBXShellScriptBuildPhase;
			buildActionMask = 2147483647;
			files = (
			);
			inputPaths = (
			);
			outputPaths = (
			);
			runOnlyForDeploymentPostprocessing = 0;
			shellPath = /bin/sh;
			shellScript = "bash \"${BUILT_PRODUCTS_DIR}/${FRAMEWORKS_FOLDER_PATH}/PsiphonTunnel.framework/strip-frameworks.sh\"";
		};
		97C816C97C17CC0C78E8F2F3 /* [CP] Copy Pods Resources */ = {
			isa = PBXShellScriptBuildPhase;
			buildActionMask = 2147483647;
			files = (
			);
			inputPaths = (
			);
			name = "[CP] Copy Pods Resources";
			outputPaths = (
			);
			runOnlyForDeploymentPostprocessing = 0;
			shellPath = /bin/sh;
			shellScript = "\"${SRCROOT}/Pods/Target Support Files/Pods-PsiphonVPN/Pods-PsiphonVPN-resources.sh\"\n";
			showEnvVarsInLog = 0;
		};
/* End PBXShellScriptBuildPhase section */

/* Begin PBXSourcesBuildPhase section */
		CE26FC861BBDC7B800B83375 /* Sources */ = {
			isa = PBXSourcesBuildPhase;
			buildActionMask = 2147483647;
			files = (
				EF652CD71F35224C002AFB48 /* ViewController.m in Sources */,
				4E0DCB1A1F28481E00495781 /* PsiphonDataSharedDB.m in Sources */,
				4ED1BFD81F1D3292001D6F2A /* PsiphonData.m in Sources */,
				4ED1BFD91F1D3292001D6F2A /* LogViewController.m in Sources */,
				EF652CD11F352212002AFB48 /* main.m in Sources */,
				EF652CD61F35224C002AFB48 /* AppDelegate.m in Sources */,
				9BFEC4F02A47FF8265635803 /* Notifier.m in Sources */,
				9BFECFEB3BC9F10542C1A416 /* PsiphonConfigUserDefaults.m in Sources */,
			);
			runOnlyForDeploymentPostprocessing = 0;
		};
		CE26FC9F1BBDC85900B83375 /* Sources */ = {
			isa = PBXSourcesBuildPhase;
			buildActionMask = 2147483647;
			files = (
				4E0DCB1F1F2857D200495781 /* PsiphonData.m in Sources */,
				EF652CDA1F352271002AFB48 /* PacketTunnelProvider.m in Sources */,
				4E0DCB1E1F2855FC00495781 /* PsiphonDataSharedDB.m in Sources */,
				9BFECD1880B51B0E2EAEFF1F /* Notifier.m in Sources */,
				9BFECF8895D5FE1940A6F700 /* PsiphonConfigUserDefaults.m in Sources */,
			);
			runOnlyForDeploymentPostprocessing = 0;
		};
/* End PBXSourcesBuildPhase section */

/* Begin PBXTargetDependency section */
		CE26FCAB1BBDC85900B83375 /* PBXTargetDependency */ = {
			isa = PBXTargetDependency;
			target = CE26FCA21BBDC85900B83375 /* PsiphonVPN */;
			targetProxy = CE26FCAA1BBDC85900B83375 /* PBXContainerItemProxy */;
		};
/* End PBXTargetDependency section */

/* Begin PBXVariantGroup section */
		CE26FC961BBDC7B800B83375 /* LaunchScreen.storyboard */ = {
			isa = PBXVariantGroup;
			children = (
				CE26FC971BBDC7B800B83375 /* Base */,
			);
			name = LaunchScreen.storyboard;
			sourceTree = "<group>";
		};
/* End PBXVariantGroup section */

/* Begin XCBuildConfiguration section */
		CE26FC9A1BBDC7B800B83375 /* Debug */ = {
			isa = XCBuildConfiguration;
			buildSettings = {
				ALWAYS_SEARCH_USER_PATHS = NO;
				CLANG_CXX_LANGUAGE_STANDARD = "gnu++0x";
				CLANG_CXX_LIBRARY = "libc++";
				CLANG_ENABLE_MODULES = YES;
				CLANG_ENABLE_OBJC_ARC = YES;
				CLANG_WARN_BOOL_CONVERSION = YES;
				CLANG_WARN_CONSTANT_CONVERSION = YES;
				CLANG_WARN_DIRECT_OBJC_ISA_USAGE = YES_ERROR;
				CLANG_WARN_EMPTY_BODY = YES;
				CLANG_WARN_ENUM_CONVERSION = YES;
				CLANG_WARN_INFINITE_RECURSION = YES;
				CLANG_WARN_INT_CONVERSION = YES;
				CLANG_WARN_OBJC_ROOT_CLASS = YES_ERROR;
				CLANG_WARN_SUSPICIOUS_MOVE = YES;
				CLANG_WARN_UNREACHABLE_CODE = YES;
				CLANG_WARN__DUPLICATE_METHOD_MATCH = YES;
				"CODE_SIGN_IDENTITY[sdk=iphoneos*]" = "";
				COPY_PHASE_STRIP = NO;
				DEBUG_INFORMATION_FORMAT = dwarf;
				ENABLE_STRICT_OBJC_MSGSEND = YES;
				ENABLE_TESTABILITY = YES;
				FRAMEWORK_SEARCH_PATHS = (
					"$(inherited)",
					"$(PROJECT_DIR)",
				);
				GCC_C_LANGUAGE_STANDARD = gnu99;
				GCC_DYNAMIC_NO_PIC = NO;
				GCC_NO_COMMON_BLOCKS = YES;
				GCC_OPTIMIZATION_LEVEL = 0;
				GCC_PREPROCESSOR_DEFINITIONS = (
					"DEBUG=1",
					"$(inherited)",
				);
				GCC_WARN_64_TO_32_BIT_CONVERSION = YES;
				GCC_WARN_ABOUT_RETURN_TYPE = YES_ERROR;
				GCC_WARN_UNDECLARED_SELECTOR = YES;
				GCC_WARN_UNINITIALIZED_AUTOS = YES_AGGRESSIVE;
				GCC_WARN_UNUSED_FUNCTION = YES;
				GCC_WARN_UNUSED_VARIABLE = YES;
				IPHONEOS_DEPLOYMENT_TARGET = 10.2;
				MTL_ENABLE_DEBUG_INFO = YES;
				ONLY_ACTIVE_ARCH = YES;
				SDKROOT = iphoneos;
				SWIFT_OPTIMIZATION_LEVEL = "-Onone";
				TARGETED_DEVICE_FAMILY = "1,2";
			};
			name = Debug;
		};
		CE26FC9B1BBDC7B800B83375 /* Release */ = {
			isa = XCBuildConfiguration;
			buildSettings = {
				ALWAYS_SEARCH_USER_PATHS = NO;
				CLANG_CXX_LANGUAGE_STANDARD = "gnu++0x";
				CLANG_CXX_LIBRARY = "libc++";
				CLANG_ENABLE_MODULES = YES;
				CLANG_ENABLE_OBJC_ARC = YES;
				CLANG_WARN_BOOL_CONVERSION = YES;
				CLANG_WARN_CONSTANT_CONVERSION = YES;
				CLANG_WARN_DIRECT_OBJC_ISA_USAGE = YES_ERROR;
				CLANG_WARN_EMPTY_BODY = YES;
				CLANG_WARN_ENUM_CONVERSION = YES;
				CLANG_WARN_INFINITE_RECURSION = YES;
				CLANG_WARN_INT_CONVERSION = YES;
				CLANG_WARN_OBJC_ROOT_CLASS = YES_ERROR;
				CLANG_WARN_SUSPICIOUS_MOVE = YES;
				CLANG_WARN_UNREACHABLE_CODE = YES;
				CLANG_WARN__DUPLICATE_METHOD_MATCH = YES;
				"CODE_SIGN_IDENTITY[sdk=iphoneos*]" = "";
				COPY_PHASE_STRIP = NO;
				DEBUG_INFORMATION_FORMAT = "dwarf-with-dsym";
				ENABLE_NS_ASSERTIONS = NO;
				ENABLE_STRICT_OBJC_MSGSEND = YES;
				FRAMEWORK_SEARCH_PATHS = (
					"$(inherited)",
					"$(PROJECT_DIR)",
				);
				GCC_C_LANGUAGE_STANDARD = gnu99;
				GCC_NO_COMMON_BLOCKS = YES;
				GCC_WARN_64_TO_32_BIT_CONVERSION = YES;
				GCC_WARN_ABOUT_RETURN_TYPE = YES_ERROR;
				GCC_WARN_UNDECLARED_SELECTOR = YES;
				GCC_WARN_UNINITIALIZED_AUTOS = YES_AGGRESSIVE;
				GCC_WARN_UNUSED_FUNCTION = YES;
				GCC_WARN_UNUSED_VARIABLE = YES;
				IPHONEOS_DEPLOYMENT_TARGET = 10.2;
				MTL_ENABLE_DEBUG_INFO = NO;
				SDKROOT = iphoneos;
				SWIFT_OPTIMIZATION_LEVEL = "-Owholemodule";
				TARGETED_DEVICE_FAMILY = "1,2";
				VALIDATE_PRODUCT = YES;
			};
			name = Release;
		};
		CE26FC9D1BBDC7B800B83375 /* Debug */ = {
			isa = XCBuildConfiguration;
			baseConfigurationReference = 1D95366D2BFC2B446F06D783 /* Pods-Psiphon.debug.xcconfig */;
			buildSettings = {
				ASSETCATALOG_COMPILER_APPICON_NAME = AppIcon;
				CODE_SIGN_ENTITLEMENTS = Psiphon/Psiphon.entitlements;
				CODE_SIGN_IDENTITY = "iPhone Developer";
				"CODE_SIGN_IDENTITY[sdk=iphoneos*]" = "iPhone Developer";
				DEVELOPMENT_TEAM = "";
				ENABLE_BITCODE = NO;
				INFOPLIST_FILE = Psiphon/Info.plist;
				LD_RUNPATH_SEARCH_PATHS = "$(inherited) @executable_path/Frameworks";
				LIBRARY_SEARCH_PATHS = (
					"$(inherited)",
					"$(PROJECT_DIR)/build/Debug-iphoneos/FMDB",
				);
				OTHER_SWIFT_FLAGS = "-D DEBUG";
				PRODUCT_BUNDLE_IDENTIFIER = ca.psiphon.Psiphon;
				PRODUCT_NAME = "$(TARGET_NAME)";
				PROVISIONING_PROFILE = "";
				PROVISIONING_PROFILE_SPECIFIER = "";
				STRIP_BITCODE_FROM_COPIED_FILES = NO;
			};
			name = Debug;
		};
		CE26FC9E1BBDC7B800B83375 /* Release */ = {
			isa = XCBuildConfiguration;
			baseConfigurationReference = 50622D8B7002EA8ED09C076A /* Pods-Psiphon.release.xcconfig */;
			buildSettings = {
				ASSETCATALOG_COMPILER_APPICON_NAME = AppIcon;
				CODE_SIGN_ENTITLEMENTS = Psiphon/Psiphon.entitlements;
				CODE_SIGN_IDENTITY = "iPhone Developer";
				"CODE_SIGN_IDENTITY[sdk=iphoneos*]" = "iPhone Developer";
				DEVELOPMENT_TEAM = "";
				ENABLE_BITCODE = NO;
				INFOPLIST_FILE = Psiphon/Info.plist;
				LD_RUNPATH_SEARCH_PATHS = "$(inherited) @executable_path/Frameworks";
				LIBRARY_SEARCH_PATHS = (
					"$(inherited)",
					"$(PROJECT_DIR)/build/Debug-iphoneos/FMDB",
				);
				OTHER_SWIFT_FLAGS = "";
				PRODUCT_BUNDLE_IDENTIFIER = ca.psiphon.Psiphon;
				PRODUCT_NAME = "$(TARGET_NAME)";
				PROVISIONING_PROFILE = "";
				PROVISIONING_PROFILE_SPECIFIER = "";
				STRIP_BITCODE_FROM_COPIED_FILES = NO;
			};
			name = Release;
		};
		CE26FCAE1BBDC85900B83375 /* Debug */ = {
			isa = XCBuildConfiguration;
			baseConfigurationReference = B791899EB4BA7F290D89DE8D /* Pods-PsiphonVPN.debug.xcconfig */;
			buildSettings = {
				APPLICATION_EXTENSION_API_ONLY = YES;
				CODE_SIGN_ENTITLEMENTS = PsiphonVPN/PsiphonVPN.entitlements;
				CODE_SIGN_IDENTITY = "iPhone Developer";
				"CODE_SIGN_IDENTITY[sdk=iphoneos*]" = "iPhone Developer";
				DEVELOPMENT_TEAM = "";
				ENABLE_BITCODE = NO;
				GCC_PREPROCESSOR_DEFINITIONS = (
					"$(inherited)",
					"COCOAPODS=1",
					"TARGET_IS_EXTENSION=1",
				);
				INFOPLIST_FILE = PsiphonVPN/Info.plist;
				LD_NO_PIE = YES;
				LD_RUNPATH_SEARCH_PATHS = "$(inherited) @executable_path/Frameworks @executable_path/../../Frameworks";
				PRODUCT_BUNDLE_IDENTIFIER = ca.psiphon.Psiphon.PsiphonVPN;
				PRODUCT_NAME = "$(TARGET_NAME)";
				PROVISIONING_PROFILE = "";
				PROVISIONING_PROFILE_SPECIFIER = "";
				SKIP_INSTALL = YES;
				STRIP_BITCODE_FROM_COPIED_FILES = NO;
				SWIFT_OBJC_BRIDGING_HEADER = "Psiphon-Bridging-Header.h";
				SWIFT_VERSION = 3.0;
			};
			name = Debug;
		};
		CE26FCAF1BBDC85900B83375 /* Release */ = {
			isa = XCBuildConfiguration;
			baseConfigurationReference = FC740CF0EC6D727A949699FF /* Pods-PsiphonVPN.release.xcconfig */;
			buildSettings = {
				APPLICATION_EXTENSION_API_ONLY = YES;
				CODE_SIGN_ENTITLEMENTS = PsiphonVPN/PsiphonVPN.entitlements;
				CODE_SIGN_IDENTITY = "iPhone Developer";
				"CODE_SIGN_IDENTITY[sdk=iphoneos*]" = "iPhone Developer";
				DEVELOPMENT_TEAM = "";
				ENABLE_BITCODE = NO;
				GCC_PREPROCESSOR_DEFINITIONS = (
					"$(inherited)",
					"COCOAPODS=1",
					"TARGET_IS_EXTENSION=1",
				);
				INFOPLIST_FILE = PsiphonVPN/Info.plist;
				LD_NO_PIE = YES;
				LD_RUNPATH_SEARCH_PATHS = "$(inherited) @executable_path/Frameworks @executable_path/../../Frameworks";
				PRODUCT_BUNDLE_IDENTIFIER = ca.psiphon.Psiphon.PsiphonVPN;
				PRODUCT_NAME = "$(TARGET_NAME)";
				PROVISIONING_PROFILE = "";
				PROVISIONING_PROFILE_SPECIFIER = "";
				SKIP_INSTALL = YES;
				STRIP_BITCODE_FROM_COPIED_FILES = NO;
				SWIFT_OBJC_BRIDGING_HEADER = "Psiphon-Bridging-Header.h";
				SWIFT_VERSION = 3.0;
			};
			name = Release;
		};
/* End XCBuildConfiguration section */

/* Begin XCConfigurationList section */
		CE26FC851BBDC7B700B83375 /* Build configuration list for PBXProject "Psiphon" */ = {
			isa = XCConfigurationList;
			buildConfigurations = (
				CE26FC9A1BBDC7B800B83375 /* Debug */,
				CE26FC9B1BBDC7B800B83375 /* Release */,
			);
			defaultConfigurationIsVisible = 0;
			defaultConfigurationName = Release;
		};
		CE26FC9C1BBDC7B800B83375 /* Build configuration list for PBXNativeTarget "Psiphon" */ = {
			isa = XCConfigurationList;
			buildConfigurations = (
				CE26FC9D1BBDC7B800B83375 /* Debug */,
				CE26FC9E1BBDC7B800B83375 /* Release */,
			);
			defaultConfigurationIsVisible = 0;
			defaultConfigurationName = Release;
		};
		CE26FCAD1BBDC85900B83375 /* Build configuration list for PBXNativeTarget "PsiphonVPN" */ = {
			isa = XCConfigurationList;
			buildConfigurations = (
				CE26FCAE1BBDC85900B83375 /* Debug */,
				CE26FCAF1BBDC85900B83375 /* Release */,
			);
			defaultConfigurationIsVisible = 0;
			defaultConfigurationName = Release;
		};
/* End XCConfigurationList section */
	};
	rootObject = CE26FC821BBDC7B700B83375 /* Project object */;
}
